<?xml version="1.0" encoding="utf-8"?>
<Project ToolsVersion="4.0" xmlns="http://schemas.microsoft.com/developer/msbuild/2003">
  <ItemGroup>
    <Filter Include="Source Files">
      <UniqueIdentifier>{4FC737F1-C7A5-4376-A066-2A32D752A2FF}</UniqueIdentifier>
      <Extensions>cpp;c;cc;cxx;def;odl;idl;hpj;bat;asm;asmx</Extensions>
    </Filter>
    <Filter Include="Header Files">
      <UniqueIdentifier>{93995380-89BD-4b04-88EB-625FBE52EBFB}</UniqueIdentifier>
      <Extensions>h;hh;hpp;hxx;hm;inl;inc;xsd</Extensions>
    </Filter>
    <Filter Include="Resource Files">
      <UniqueIdentifier>{67DA6AB6-F800-4c08-8B7A-83BB121AAD01}</UniqueIdentifier>
      <Extensions>rc;ico;cur;bmp;dlg;rc2;rct;bin;rgs;gif;jpg;jpeg;jpe;resx;tiff;tif;png;wav;mfcribbon-ms</Extensions>
    </Filter>
    <Filter Include="Header Files\LiquidMenu">
      <UniqueIdentifier>{0ee6ff3c-6e47-4348-870e-5e55f81ba2cc}</UniqueIdentifier>
    </Filter>
    <Filter Include="Source Files\LiquidMenu">
      <UniqueIdentifier>{bd4617de-2a4c-4ab8-a407-e1385997f574}</UniqueIdentifier>
    </Filter>
  </ItemGroup>
  <ItemGroup>
    <None Include="Insoleuse.ino" />
  </ItemGroup>
  <ItemGroup>
    <ClInclude Include="__vm\.Insoleuse.vsarduino.h">
      <Filter>Header Files</Filter>
    </ClInclude>
    <ClInclude Include="Menu.h">
      <Filter>Header Files</Filter>
    </ClInclude>
    <ClInclude Include="Config.h">
      <Filter>Header Files</Filter>
    </ClInclude>
    <ClInclude Include="Keyboard.h">
      <Filter>Header Files</Filter>
    </ClInclude>
    <ClInclude Include="LiquidMenu\src\glyphs.h">
      <Filter>Header Files\LiquidMenu</Filter>
    </ClInclude>
    <ClInclude Include="LiquidMenu\src\LiquidMenu.h">
      <Filter>Header Files\LiquidMenu</Filter>
    </ClInclude>
    <ClInclude Include="LiquidMenu\src\LiquidMenu_debug.h">
      <Filter>Header Files\LiquidMenu</Filter>
    </ClInclude>
    <ClInclude Include="LiquidMenu\src\LiquidMenu_config.h">
      <Filter>Header Files\LiquidMenu</Filter>
    </ClInclude>
    <ClInclude Include="MenuFunctions.h">
      <Filter>Header Files</Filter>
    </ClInclude>
    <ClInclude Include="Screens.h">
      <Filter>Header Files</Filter>
    </ClInclude>
  </ItemGroup>
  <ItemGroup>
    <ClCompile Include="Menu.cpp">
      <Filter>Source Files</Filter>
    </ClCompile>
    <ClCompile Include="Keyboard.cpp">
      <Filter>Source Files</Filter>
    </ClCompile>
    <ClCompile Include="LiquidMenu\src\LiquidLine.cpp">
      <Filter>Source Files\LiquidMenu</Filter>
    </ClCompile>
    <ClCompile Include="LiquidMenu\src\LiquidMenu.cpp">
      <Filter>Source Files\LiquidMenu</Filter>
    </ClCompile>
    <ClCompile Include="LiquidMenu\src\LiquidScreen.cpp">
      <Filter>Source Files\LiquidMenu</Filter>
    </ClCompile>
    <ClCompile Include="LiquidMenu\src\LiquidSystem.cpp">
      <Filter>Source Files\LiquidMenu</Filter>
    </ClCompile>
    <ClCompile Include="LiquidMenu\src\recognizeType.cpp">
      <Filter>Source Files\LiquidMenu</Filter>
    </ClCompile>
  </ItemGroup>
</Project>